// !$*UTF8*$!
{
	archiveVersion = 1;
	classes = {
	};
	objectVersion = 46;
	objects = {

/* Begin PBXBuildFile section */
		FB12A5E91D92630900CE4FB7 /* main.c in Sources */ = {isa = PBXBuildFile; fileRef = FB12A5E81D92630900CE4FB7 /* main.c */; };
		FB12A5F11D926F7100CE4FB7 /* Circular_LinkedList.c in Sources */ = {isa = PBXBuildFile; fileRef = FB12A5EF1D926F7100CE4FB7 /* Circular_LinkedList.c */; };
/* End PBXBuildFile section */

/* Begin PBXCopyFilesBuildPhase section */
		FB12A5E31D92630900CE4FB7 /* CopyFiles */ = {
			isa = PBXCopyFilesBuildPhase;
			buildActionMask = 2147483647;
			dstPath = /usr/share/man/man1/;
			dstSubfolderSpec = 0;
			files = (
			);
			runOnlyForDeploymentPostprocessing = 1;
		};
/* End PBXCopyFilesBuildPhase section */

/* Begin PBXFileReference section */
		FB12A5E51D92630900CE4FB7 /* Circular_LinkedList */ = {isa = PBXFileReference; explicitFileType = "compiled.mach-o.executable"; includeInIndex = 0; path = Circular_LinkedList; sourceTree = BUILT_PRODUCTS_DIR; };
		FB12A5E81D92630900CE4FB7 /* main.c */ = {isa = PBXFileReference; lastKnownFileType = sourcecode.c.c; path = main.c; sourceTree = "<group>"; };
		FB12A5EF1D926F7100CE4FB7 /* Circular_LinkedList.c */ = {isa = PBXFileReference; fileEncoding = 4; lastKnownFileType = sourcecode.c.c; path = Circular_LinkedList.c; sourceTree = "<group>"; };
		FB12A5F01D926F7100CE4FB7 /* Circular_LinkedList.h */ = {isa = PBXFileReference; fileEncoding = 4; lastKnownFileType = sourcecode.c.h; path = Circular_LinkedList.h; sourceTree = "<group>"; };
		FBDEB68F1D93B81F000607AC /* Employee.h */ = {isa = PBXFileReference; lastKnownFileType = sourcecode.c.h; name = Employee.h; path = Employee/Employee.h; sourceTree = "<group>"; };
/* End PBXFileReference section */

/* Begin PBXFrameworksBuildPhase section */
		FB12A5E21D92630900CE4FB7 /* Frameworks */ = {
			isa = PBXFrameworksBuildPhase;
			buildActionMask = 2147483647;
			files = (
			);
			runOnlyForDeploymentPostprocessing = 0;
		};
/* End PBXFrameworksBuildPhase section */

/* Begin PBXGroup section */
		FB12A5DC1D92630900CE4FB7 = {
			isa = PBXGroup;
			children = (
				FBDEB68F1D93B81F000607AC /* Employee.h */,
				FB12A5EF1D926F7100CE4FB7 /* Circular_LinkedList.c */,
				FB12A5F01D926F7100CE4FB7 /* Circular_LinkedList.h */,
				FB12A5E71D92630900CE4FB7 /* Circular_LinkedList */,
				FB12A5E61D92630900CE4FB7 /* Products */,
			);
			sourceTree = "<group>";
		};
		FB12A5E61D92630900CE4FB7 /* Products */ = {
			isa = PBXGroup;
			children = (
				FB12A5E51D92630900CE4FB7 /* Circular_LinkedList */,
			);
			name = Products;
			sourceTree = "<group>";
		};
		FB12A5E71D92630900CE4FB7 /* Circular_LinkedList */ = {
			isa = PBXGroup;
			children = (
				FB12A5E81D92630900CE4FB7 /* main.c */,
			);
			path = Circular_LinkedList;
			sourceTree = "<group>";
		};
/* End PBXGroup section */

/* Begin PBXNativeTarget section */
		FB12A5E41D92630900CE4FB7 /* Circular_LinkedList */ = {
			isa = PBXNativeTarget;
			buildConfigurationList = FB12A5EC1D92630900CE4FB7 /* Build configuration list for PBXNativeTarget "Circular_LinkedList" */;
			buildPhases = (
				FB12A5E11D92630900CE4FB7 /* Sources */,
				FB12A5E21D92630900CE4FB7 /* Frameworks */,
				FB12A5E31D92630900CE4FB7 /* CopyFiles */,
			);
			buildRules = (
			);
			dependencies = (
			);
			name = Circular_LinkedList;
			productName = Circular_LinkedList;
			productReference = FB12A5E51D92630900CE4FB7 /* Circular_LinkedList */;
			productType = "com.apple.product-type.tool";
		};
/* End PBXNativeTarget section */

/* Begin PBXProject section */
		FB12A5DD1D92630900CE4FB7 /* Project object */ = {
			isa = PBXProject;
			attributes = {
				LastUpgradeCheck = 0800;
				ORGANIZATIONNAME = Solly;
				TargetAttributes = {
					FB12A5E41D92630900CE4FB7 = {
						CreatedOnToolsVersion = 8.0;
						ProvisioningStyle = Automatic;
					};
				};
			};
			buildConfigurationList = FB12A5E01D92630900CE4FB7 /* Build configuration list for PBXProject "Circular_LinkedList" */;
			compatibilityVersion = "Xcode 3.2";
			developmentRegion = English;
			hasScannedForEncodings = 0;
			knownRegions = (
				en,
			);
			mainGroup = FB12A5DC1D92630900CE4FB7;
			productRefGroup = FB12A5E61D92630900CE4FB7 /* Products */;
			projectDirPath = "";
			projectRoot = "";
			targets = (
				FB12A5E41D92630900CE4FB7 /* Circular_LinkedList */,
			);
		};
/* End PBXProject section */

/* Begin PBXSourcesBuildPhase section */
		FB12A5E11D92630900CE4FB7 /* Sources */ = {
			isa = PBXSourcesBuildPhase;
			buildActionMask = 2147483647;
			files = (
				FB12A5E91D92630900CE4FB7 /* main.c in Sources */,
				FB12A5F11D926F7100CE4FB7 /* Circular_LinkedList.c in Sources */,
			);
			runOnlyForDeploymentPostprocessing = 0;
		};
/* End PBXSourcesBuildPhase section */

/* Begin XCBuildConfiguration section */
		FB12A5EA1D92630900CE4FB7 /* Debug */ = {
			isa = XCBuildConfiguration;
			buildSettings = {
				ALWAYS_SEARCH_USER_PATHS = NO;
				CLANG_ANALYZER_NONNULL = YES;
				CLANG_CXX_LANGUAGE_STANDARD = "gnu++0x";
				CLANG_CXX_LIBRARY = "libc++";
				CLANG_ENABLE_MODULES = YES;
				CLANG_ENABLE_OBJC_ARC = YES;
				CLANG_WARN_BOOL_CONVERSION = YES;
				CLANG_WARN_CONSTANT_CONVERSION = YES;
				CLANG_WARN_DIRECT_OBJC_ISA_USAGE = YES_ERROR;
				CLANG_WARN_DOCUMENTATION_COMMENTS = YES;
				CLANG_WARN_EMPTY_BODY = YES;
				CLANG_WARN_ENUM_CONVERSION = YES;
				CLANG_WARN_INFINITE_RECURSION = YES;
				CLANG_WARN_INT_CONVERSION = YES;
				CLANG_WARN_OBJC_ROOT_CLASS = YES_ERROR;
				CLANG_WARN_SUSPICIOUS_MOVES = YES;
				CLANG_WARN_UNREACHABLE_CODE = YES;
				CLANG_WARN__DUPLICATE_METHOD_MATCH = YES;
				CODE_SIGN_IDENTITY = "-";
				COPY_PHASE_STRIP = NO;
				DEBUG_INFORMATION_FORMAT = dwarf;
				ENABLE_STRICT_OBJC_MSGSEND = YES;
				ENABLE_TESTABILITY = YES;
				GCC_C_LANGUAGE_STANDARD = gnu99;
				GCC_DYNAMIC_NO_PIC = NO;
				GCC_NO_COMMON_BLOCKS = YES;
				GCC_OPTIMIZATION_LEVEL = 0;
				GCC_PREPROCESSOR_DEFINITIONS = (
					"DEBUG=1",
					"$(inherited)",
				);
				GCC_WARN_64_TO_32_BIT_CONVERSION = YES;
				GCC_WARN_ABOUT_RETURN_TYPE = YES_ERROR;
				GCC_WARN_UNDECLARED_SELECTOR = YES;
				GCC_WARN_UNINITIALIZED_AUTOS = YES_AGGRESSIVE;
				GCC_WARN_UNUSED_FUNCTION = YES;
				GCC_WARN_UNUSED_VARIABLE = YES;
				MACOSX_DEPLOYMENT_TARGET = 10.11;
				MTL_ENABLE_DEBUG_INFO = YES;
				ONLY_ACTIVE_ARCH = YES;
				SDKROOT = macosx;
			};
			name = Debug;
		};
		FB12A5EB1D92630900CE4FB7 /* Release */ = {
			isa = XCBuildConfiguration;
			buildSettings = {
				ALWAYS_SEARCH_USER_PATHS = NO;
				CLANG_ANALYZER_NONNULL = YES;
				CLANG_CXX_LANGUAGE_STANDARD = "gnu++0x";
				CLANG_CXX_LIBRARY = "libc++";
				CLANG_ENABLE_MODULES = YES;
				CLANG_ENABLE_OBJC_ARC = YES;
				CLANG_WARN_BOOL_CONVERSION = YES;
				CLANG_WARN_CONSTANT_CONVERSION = YES;
				CLANG_WARN_DIRECT_OBJC_ISA_USAGE = YES_ERROR;
				CLANG_WARN_DOCUMENTATION_COMMENTS = YES;
				CLANG_WARN_EMPTY_BODY = YES;
				CLANG_WARN_ENUM_CONVERSION = YES;
				CLANG_WARN_INFINITE_RECURSION = YES;
				CLANG_WARN_INT_CONVERSION = YES;
				CLANG_WARN_OBJC_ROOT_CLASS = YES_ERROR;
				CLANG_WARN_SUSPICIOUS_MOVES = YES;
				CLANG_WARN_UNREACHABLE_CODE = YES;
				CLANG_WARN__DUPLICATE_METHOD_MATCH = YES;
				CODE_SIGN_IDENTITY = "-";
				COPY_PHASE_STRIP = NO;
				DEBUG_INFORMATION_FORMAT = "dwarf-with-dsym";
				ENABLE_NS_ASSERTIONS = NO;
				ENABLE_STRICT_OBJC_MSGSEND = YES;
				GCC_C_LANGUAGE_STANDARD = gnu99;
				GCC_NO_COMMON_BLOCKS = YES;
				GCC_WARN_64_TO_32_BIT_CONVERSION = YES;
				GCC_WARN_ABOUT_RETURN_TYPE = YES_ERROR;
				GCC_WARN_UNDECLARED_SELECTOR = YES;
				GCC_WARN_UNINITIALIZED_AUTOS = YES_AGGRESSIVE;
				GCC_WARN_UNUSED_FUNCTION = YES;
				GCC_WARN_UNUSED_VARIABLE = YES;
				MACOSX_DEPLOYMENT_TARGET = 10.11;
				MTL_ENABLE_DEBUG_INFO = NO;
				SDKROOT = macosx;
			};
			name = Release;
		};
		FB12A5ED1D92630900CE4FB7 /* Debug */ = {
			isa = XCBuildConfiguration;
			buildSettings = {
				PRODUCT_NAME = "$(TARGET_NAME)";
			};
			name = Debug;
		};
		FB12A5EE1D92630900CE4FB7 /* Release */ = {
			isa = XCBuildConfiguration;
			buildSettings = {
				PRODUCT_NAME = "$(TARGET_NAME)";
			};
			name = Release;
		};
/* End XCBuildConfiguration section */

/* Begin XCConfigurationList section */
		FB12A5E01D92630900CE4FB7 /* Build configuration list for PBXProject "Circular_LinkedList" */ = {
			isa = XCConfigurationList;
			buildConfigurations = (
				FB12A5EA1D92630900CE4FB7 /* Debug */,
				FB12A5EB1D92630900CE4FB7 /* Release */,
			);
			defaultConfigurationIsVisible = 0;
			defaultConfigurationName = Release;
		};
		FB12A5EC1D92630900CE4FB7 /* Build configuration list for PBXNativeTarget "Circular_LinkedList" */ = {
			isa = XCConfigurationList;
			buildConfigurations = (
				FB12A5ED1D92630900CE4FB7 /* Debug */,
				FB12A5EE1D92630900CE4FB7 /* Release */,
			);
			defaultConfigurationIsVisible = 0;
			defaultConfigurationName = Release;
		};
/* End XCConfigurationList section */
	};
	rootObject = FB12A5DD1D92630900CE4FB7 /* Project object */;
}
